// !$*UTF8*$!
{
	archiveVersion = 1;
	classes = {
	};
	objectVersion = 55;
	objects = {

/* Begin PBXBuildFile section */
		941FA75527DC02E000178926 /* idanskordbogApp.swift in Sources */ = {isa = PBXBuildFile; fileRef = 941FA75427DC02E000178926 /* idanskordbogApp.swift */; };
		941FA75727DC02E000178926 /* ContentView.swift in Sources */ = {isa = PBXBuildFile; fileRef = 941FA75627DC02E000178926 /* ContentView.swift */; };
		941FA75927DC02E100178926 /* Assets.xcassets in Resources */ = {isa = PBXBuildFile; fileRef = 941FA75827DC02E100178926 /* Assets.xcassets */; };
		941FA75C27DC02E100178926 /* Preview Assets.xcassets in Resources */ = {isa = PBXBuildFile; fileRef = 941FA75B27DC02E100178926 /* Preview Assets.xcassets */; };
		941FA76627DC02E200178926 /* idanskordbogTests.swift in Sources */ = {isa = PBXBuildFile; fileRef = 941FA76527DC02E200178926 /* idanskordbogTests.swift */; };
		941FA77027DC02E200178926 /* idanskordbogUITests.swift in Sources */ = {isa = PBXBuildFile; fileRef = 941FA76F27DC02E200178926 /* idanskordbogUITests.swift */; };
		941FA77227DC02E200178926 /* idanskordbogUITestsLaunchTests.swift in Sources */ = {isa = PBXBuildFile; fileRef = 941FA77127DC02E200178926 /* idanskordbogUITestsLaunchTests.swift */; };
/* End PBXBuildFile section */

/* Begin PBXContainerItemProxy section */
		941FA76227DC02E200178926 /* PBXContainerItemProxy */ = {
			isa = PBXContainerItemProxy;
			containerPortal = 941FA74927DC02E000178926 /* Project object */;
			proxyType = 1;
			remoteGlobalIDString = 941FA75027DC02E000178926;
			remoteInfo = idanskordbog;
		};
		941FA76C27DC02E200178926 /* PBXContainerItemProxy */ = {
			isa = PBXContainerItemProxy;
			containerPortal = 941FA74927DC02E000178926 /* Project object */;
			proxyType = 1;
			remoteGlobalIDString = 941FA75027DC02E000178926;
			remoteInfo = idanskordbog;
		};
/* End PBXContainerItemProxy section */

/* Begin PBXFileReference section */
		941FA75127DC02E000178926 /* idanskordbog.app */ = {isa = PBXFileReference; explicitFileType = wrapper.application; includeInIndex = 0; path = idanskordbog.app; sourceTree = BUILT_PRODUCTS_DIR; };
		941FA75427DC02E000178926 /* idanskordbogApp.swift */ = {isa = PBXFileReference; lastKnownFileType = sourcecode.swift; path = idanskordbogApp.swift; sourceTree = "<group>"; };
		941FA75627DC02E000178926 /* ContentView.swift */ = {isa = PBXFileReference; lastKnownFileType = sourcecode.swift; path = ContentView.swift; sourceTree = "<group>"; };
		941FA75827DC02E100178926 /* Assets.xcassets */ = {isa = PBXFileReference; lastKnownFileType = folder.assetcatalog; path = Assets.xcassets; sourceTree = "<group>"; };
		941FA75B27DC02E100178926 /* Preview Assets.xcassets */ = {isa = PBXFileReference; lastKnownFileType = folder.assetcatalog; path = "Preview Assets.xcassets"; sourceTree = "<group>"; };
		941FA76127DC02E200178926 /* idanskordbogTests.xctest */ = {isa = PBXFileReference; explicitFileType = wrapper.cfbundle; includeInIndex = 0; path = idanskordbogTests.xctest; sourceTree = BUILT_PRODUCTS_DIR; };
		941FA76527DC02E200178926 /* idanskordbogTests.swift */ = {isa = PBXFileReference; lastKnownFileType = sourcecode.swift; path = idanskordbogTests.swift; sourceTree = "<group>"; };
		941FA76B27DC02E200178926 /* idanskordbogUITests.xctest */ = {isa = PBXFileReference; explicitFileType = wrapper.cfbundle; includeInIndex = 0; path = idanskordbogUITests.xctest; sourceTree = BUILT_PRODUCTS_DIR; };
		941FA76F27DC02E200178926 /* idanskordbogUITests.swift */ = {isa = PBXFileReference; lastKnownFileType = sourcecode.swift; path = idanskordbogUITests.swift; sourceTree = "<group>"; };
		941FA77127DC02E200178926 /* idanskordbogUITestsLaunchTests.swift */ = {isa = PBXFileReference; lastKnownFileType = sourcecode.swift; path = idanskordbogUITestsLaunchTests.swift; sourceTree = "<group>"; };
/* End PBXFileReference section */

/* Begin PBXFrameworksBuildPhase section */
		941FA74E27DC02E000178926 /* Frameworks */ = {
			isa = PBXFrameworksBuildPhase;
			buildActionMask = 2147483647;
			files = (
			);
			runOnlyForDeploymentPostprocessing = 0;
		};
		941FA75E27DC02E200178926 /* Frameworks */ = {
			isa = PBXFrameworksBuildPhase;
			buildActionMask = 2147483647;
			files = (
			);
			runOnlyForDeploymentPostprocessing = 0;
		};
		941FA76827DC02E200178926 /* Frameworks */ = {
			isa = PBXFrameworksBuildPhase;
			buildActionMask = 2147483647;
			files = (
			);
			runOnlyForDeploymentPostprocessing = 0;
		};
/* End PBXFrameworksBuildPhase section */

/* Begin PBXGroup section */
		941FA74827DC02E000178926 = {
			isa = PBXGroup;
			children = (
				941FA75327DC02E000178926 /* idanskordbog */,
				941FA76427DC02E200178926 /* idanskordbogTests */,
				941FA76E27DC02E200178926 /* idanskordbogUITests */,
				941FA75227DC02E000178926 /* Products */,
			);
			sourceTree = "<group>";
		};
		941FA75227DC02E000178926 /* Products */ = {
			isa = PBXGroup;
			children = (
				941FA75127DC02E000178926 /* idanskordbog.app */,
				941FA76127DC02E200178926 /* idanskordbogTests.xctest */,
				941FA76B27DC02E200178926 /* idanskordbogUITests.xctest */,
			);
			name = Products;
			sourceTree = "<group>";
		};
		941FA75327DC02E000178926 /* idanskordbog */ = {
			isa = PBXGroup;
			children = (
				941FA75427DC02E000178926 /* idanskordbogApp.swift */,
				941FA75627DC02E000178926 /* ContentView.swift */,
				941FA75827DC02E100178926 /* Assets.xcassets */,
				941FA75A27DC02E100178926 /* Preview Content */,
			);
			path = idanskordbog;
			sourceTree = "<group>";
		};
		941FA75A27DC02E100178926 /* Preview Content */ = {
			isa = PBXGroup;
			children = (
				941FA75B27DC02E100178926 /* Preview Assets.xcassets */,
			);
			path = "Preview Content";
			sourceTree = "<group>";
		};
		941FA76427DC02E200178926 /* idanskordbogTests */ = {
			isa = PBXGroup;
			children = (
				941FA76527DC02E200178926 /* idanskordbogTests.swift */,
			);
			path = idanskordbogTests;
			sourceTree = "<group>";
		};
		941FA76E27DC02E200178926 /* idanskordbogUITests */ = {
			isa = PBXGroup;
			children = (
				941FA76F27DC02E200178926 /* idanskordbogUITests.swift */,
				941FA77127DC02E200178926 /* idanskordbogUITestsLaunchTests.swift */,
			);
			path = idanskordbogUITests;
			sourceTree = "<group>";
		};
/* End PBXGroup section */

/* Begin PBXNativeTarget section */
		941FA75027DC02E000178926 /* idanskordbog */ = {
			isa = PBXNativeTarget;
			buildConfigurationList = 941FA77527DC02E200178926 /* Build configuration list for PBXNativeTarget "idanskordbog" */;
			buildPhases = (
				941FA74D27DC02E000178926 /* Sources */,
				941FA74E27DC02E000178926 /* Frameworks */,
				941FA74F27DC02E000178926 /* Resources */,
			);
			buildRules = (
			);
			dependencies = (
			);
			name = idanskordbog;
			productName = idanskordbog;
			productReference = 941FA75127DC02E000178926 /* idanskordbog.app */;
			productType = "com.apple.product-type.application";
		};
		941FA76027DC02E200178926 /* idanskordbogTests */ = {
			isa = PBXNativeTarget;
			buildConfigurationList = 941FA77827DC02E200178926 /* Build configuration list for PBXNativeTarget "idanskordbogTests" */;
			buildPhases = (
				941FA75D27DC02E200178926 /* Sources */,
				941FA75E27DC02E200178926 /* Frameworks */,
				941FA75F27DC02E200178926 /* Resources */,
			);
			buildRules = (
			);
			dependencies = (
				941FA76327DC02E200178926 /* PBXTargetDependency */,
			);
			name = idanskordbogTests;
			productName = idanskordbogTests;
			productReference = 941FA76127DC02E200178926 /* idanskordbogTests.xctest */;
			productType = "com.apple.product-type.bundle.unit-test";
		};
		941FA76A27DC02E200178926 /* idanskordbogUITests */ = {
			isa = PBXNativeTarget;
			buildConfigurationList = 941FA77B27DC02E200178926 /* Build configuration list for PBXNativeTarget "idanskordbogUITests" */;
			buildPhases = (
				941FA76727DC02E200178926 /* Sources */,
				941FA76827DC02E200178926 /* Frameworks */,
				941FA76927DC02E200178926 /* Resources */,
			);
			buildRules = (
			);
			dependencies = (
				941FA76D27DC02E200178926 /* PBXTargetDependency */,
			);
			name = idanskordbogUITests;
			productName = idanskordbogUITests;
			productReference = 941FA76B27DC02E200178926 /* idanskordbogUITests.xctest */;
			productType = "com.apple.product-type.bundle.ui-testing";
		};
/* End PBXNativeTarget section */

/* Begin PBXProject section */
		941FA74927DC02E000178926 /* Project object */ = {
			isa = PBXProject;
			attributes = {
				BuildIndependentTargetsInParallel = 1;
				LastSwiftUpdateCheck = 1320;
				LastUpgradeCheck = 1320;
				TargetAttributes = {
					941FA75027DC02E000178926 = {
						CreatedOnToolsVersion = 13.2.1;
					};
					941FA76027DC02E200178926 = {
						CreatedOnToolsVersion = 13.2.1;
						TestTargetID = 941FA75027DC02E000178926;
					};
					941FA76A27DC02E200178926 = {
						CreatedOnToolsVersion = 13.2.1;
						TestTargetID = 941FA75027DC02E000178926;
					};
				};
			};
			buildConfigurationList = 941FA74C27DC02E000178926 /* Build configuration list for PBXProject "idanskordbog" */;
			compatibilityVersion = "Xcode 13.0";
			developmentRegion = en;
			hasScannedForEncodings = 0;
			knownRegions = (
				en,
				Base,
			);
			mainGroup = 941FA74827DC02E000178926;
			productRefGroup = 941FA75227DC02E000178926 /* Products */;
			projectDirPath = "";
			projectRoot = "";
			targets = (
				941FA75027DC02E000178926 /* idanskordbog */,
				941FA76027DC02E200178926 /* idanskordbogTests */,
				941FA76A27DC02E200178926 /* idanskordbogUITests */,
			);
		};
/* End PBXProject section */

/* Begin PBXResourcesBuildPhase section */
		941FA74F27DC02E000178926 /* Resources */ = {
			isa = PBXResourcesBuildPhase;
			buildActionMask = 2147483647;
			files = (
				941FA75C27DC02E100178926 /* Preview Assets.xcassets in Resources */,
				941FA75927DC02E100178926 /* Assets.xcassets in Resources */,
			);
			runOnlyForDeploymentPostprocessing = 0;
		};
		941FA75F27DC02E200178926 /* Resources */ = {
			isa = PBXResourcesBuildPhase;
			buildActionMask = 2147483647;
			files = (
			);
			runOnlyForDeploymentPostprocessing = 0;
		};
		941FA76927DC02E200178926 /* Resources */ = {
			isa = PBXResourcesBuildPhase;
			buildActionMask = 2147483647;
			files = (
			);
			runOnlyForDeploymentPostprocessing = 0;
		};
/* End PBXResourcesBuildPhase section */

/* Begin PBXSourcesBuildPhase section */
		941FA74D27DC02E000178926 /* Sources */ = {
			isa = PBXSourcesBuildPhase;
			buildActionMask = 2147483647;
			files = (
				941FA75727DC02E000178926 /* ContentView.swift in Sources */,
				941FA75527DC02E000178926 /* idanskordbogApp.swift in Sources */,
			);
			runOnlyForDeploymentPostprocessing = 0;
		};
		941FA75D27DC02E200178926 /* Sources */ = {
			isa = PBXSourcesBuildPhase;
			buildActionMask = 2147483647;
			files = (
				941FA76627DC02E200178926 /* idanskordbogTests.swift in Sources */,
			);
			runOnlyForDeploymentPostprocessing = 0;
		};
		941FA76727DC02E200178926 /* Sources */ = {
			isa = PBXSourcesBuildPhase;
			buildActionMask = 2147483647;
			files = (
				941FA77027DC02E200178926 /* idanskordbogUITests.swift in Sources */,
				941FA77227DC02E200178926 /* idanskordbogUITestsLaunchTests.swift in Sources */,
			);
			runOnlyForDeploymentPostprocessing = 0;
		};
/* End PBXSourcesBuildPhase section */

/* Begin PBXTargetDependency section */
		941FA76327DC02E200178926 /* PBXTargetDependency */ = {
			isa = PBXTargetDependency;
			target = 941FA75027DC02E000178926 /* idanskordbog */;
			targetProxy = 941FA76227DC02E200178926 /* PBXContainerItemProxy */;
		};
		941FA76D27DC02E200178926 /* PBXTargetDependency */ = {
			isa = PBXTargetDependency;
			target = 941FA75027DC02E000178926 /* idanskordbog */;
			targetProxy = 941FA76C27DC02E200178926 /* PBXContainerItemProxy */;
		};
/* End PBXTargetDependency section */

/* Begin XCBuildConfiguration section */
		941FA77327DC02E200178926 /* Debug */ = {
			isa = XCBuildConfiguration;
			buildSettings = {
				ALWAYS_SEARCH_USER_PATHS = NO;
				CLANG_ANALYZER_NONNULL = YES;
				CLANG_ANALYZER_NUMBER_OBJECT_CONVERSION = YES_AGGRESSIVE;
				CLANG_CXX_LANGUAGE_STANDARD = "gnu++17";
				CLANG_CXX_LIBRARY = "libc++";
				CLANG_ENABLE_MODULES = YES;
				CLANG_ENABLE_OBJC_ARC = YES;
				CLANG_ENABLE_OBJC_WEAK = YES;
				CLANG_WARN_BLOCK_CAPTURE_AUTORELEASING = YES;
				CLANG_WARN_BOOL_CONVERSION = YES;
				CLANG_WARN_COMMA = YES;
				CLANG_WARN_CONSTANT_CONVERSION = YES;
				CLANG_WARN_DEPRECATED_OBJC_IMPLEMENTATIONS = YES;
				CLANG_WARN_DIRECT_OBJC_ISA_USAGE = YES_ERROR;
				CLANG_WARN_DOCUMENTATION_COMMENTS = YES;
				CLANG_WARN_EMPTY_BODY = YES;
				CLANG_WARN_ENUM_CONVERSION = YES;
				CLANG_WARN_INFINITE_RECURSION = YES;
				CLANG_WARN_INT_CONVERSION = YES;
				CLANG_WARN_NON_LITERAL_NULL_CONVERSION = YES;
				CLANG_WARN_OBJC_IMPLICIT_RETAIN_SELF = YES;
				CLANG_WARN_OBJC_LITERAL_CONVERSION = YES;
				CLANG_WARN_OBJC_ROOT_CLASS = YES_ERROR;
				CLANG_WARN_QUOTED_INCLUDE_IN_FRAMEWORK_HEADER = YES;
				CLANG_WARN_RANGE_LOOP_ANALYSIS = YES;
				CLANG_WARN_STRICT_PROTOTYPES = YES;
				CLANG_WARN_SUSPICIOUS_MOVE = YES;
				CLANG_WARN_UNGUARDED_AVAILABILITY = YES_AGGRESSIVE;
				CLANG_WARN_UNREACHABLE_CODE = YES;
				CLANG_WARN__DUPLICATE_METHOD_MATCH = YES;
				COPY_PHASE_STRIP = NO;
				DEBUG_INFORMATION_FORMAT = dwarf;
				ENABLE_STRICT_OBJC_MSGSEND = YES;
				ENABLE_TESTABILITY = YES;
				GCC_C_LANGUAGE_STANDARD = gnu11;
				GCC_DYNAMIC_NO_PIC = NO;
				GCC_NO_COMMON_BLOCKS = YES;
				GCC_OPTIMIZATION_LEVEL = 0;
				GCC_PREPROCESSOR_DEFINITIONS = (
					"DEBUG=1",
					"$(inherited)",
				);
				GCC_WARN_64_TO_32_BIT_CONVERSION = YES;
				GCC_WARN_ABOUT_RETURN_TYPE = YES_ERROR;
				GCC_WARN_UNDECLARED_SELECTOR = YES;
				GCC_WARN_UNINITIALIZED_AUTOS = YES_AGGRESSIVE;
				GCC_WARN_UNUSED_FUNCTION = YES;
				GCC_WARN_UNUSED_VARIABLE = YES;
				IPHONEOS_DEPLOYMENT_TARGET = 15.2;
				MTL_ENABLE_DEBUG_INFO = INCLUDE_SOURCE;
				MTL_FAST_MATH = YES;
				ONLY_ACTIVE_ARCH = YES;
				SDKROOT = iphoneos;
				SWIFT_ACTIVE_COMPILATION_CONDITIONS = DEBUG;
				SWIFT_OPTIMIZATION_LEVEL = "-Onone";
			};
			name = Debug;
		};
		941FA77427DC02E200178926 /* Release */ = {
			isa = XCBuildConfiguration;
			buildSettings = {
				ALWAYS_SEARCH_USER_PATHS = NO;
				CLANG_ANALYZER_NONNULL = YES;
				CLANG_ANALYZER_NUMBER_OBJECT_CONVERSION = YES_AGGRESSIVE;
				CLANG_CXX_LANGUAGE_STANDARD = "gnu++17";
				CLANG_CXX_LIBRARY = "libc++";
				CLANG_ENABLE_MODULES = YES;
				CLANG_ENABLE_OBJC_ARC = YES;
				CLANG_ENABLE_OBJC_WEAK = YES;
				CLANG_WARN_BLOCK_CAPTURE_AUTORELEASING = YES;
				CLANG_WARN_BOOL_CONVERSION = YES;
				CLANG_WARN_COMMA = YES;
				CLANG_WARN_CONSTANT_CONVERSION = YES;
				CLANG_WARN_DEPRECATED_OBJC_IMPLEMENTATIONS = YES;
				CLANG_WARN_DIRECT_OBJC_ISA_USAGE = YES_ERROR;
				CLANG_WARN_DOCUMENTATION_COMMENTS = YES;
				CLANG_WARN_EMPTY_BODY = YES;
				CLANG_WARN_ENUM_CONVERSION = YES;
				CLANG_WARN_INFINITE_RECURSION = YES;
				CLANG_WARN_INT_CONVERSION = YES;
				CLANG_WARN_NON_LITERAL_NULL_CONVERSION = YES;
				CLANG_WARN_OBJC_IMPLICIT_RETAIN_SELF = YES;
				CLANG_WARN_OBJC_LITERAL_CONVERSION = YES;
				CLANG_WARN_OBJC_ROOT_CLASS = YES_ERROR;
				CLANG_WARN_QUOTED_INCLUDE_IN_FRAMEWORK_HEADER = YES;
				CLANG_WARN_RANGE_LOOP_ANALYSIS = YES;
				CLANG_WARN_STRICT_PROTOTYPES = YES;
				CLANG_WARN_SUSPICIOUS_MOVE = YES;
				CLANG_WARN_UNGUARDED_AVAILABILITY = YES_AGGRESSIVE;
				CLANG_WARN_UNREACHABLE_CODE = YES;
				CLANG_WARN__DUPLICATE_METHOD_MATCH = YES;
				COPY_PHASE_STRIP = NO;
				DEBUG_INFORMATION_FORMAT = "dwarf-with-dsym";
				ENABLE_NS_ASSERTIONS = NO;
				ENABLE_STRICT_OBJC_MSGSEND = YES;
				GCC_C_LANGUAGE_STANDARD = gnu11;
				GCC_NO_COMMON_BLOCKS = YES;
				GCC_WARN_64_TO_32_BIT_CONVERSION = YES;
				GCC_WARN_ABOUT_RETURN_TYPE = YES_ERROR;
				GCC_WARN_UNDECLARED_SELECTOR = YES;
				GCC_WARN_UNINITIALIZED_AUTOS = YES_AGGRESSIVE;
				GCC_WARN_UNUSED_FUNCTION = YES;
				GCC_WARN_UNUSED_VARIABLE = YES;
				IPHONEOS_DEPLOYMENT_TARGET = 15.2;
				MTL_ENABLE_DEBUG_INFO = NO;
				MTL_FAST_MATH = YES;
				SDKROOT = iphoneos;
				SWIFT_COMPILATION_MODE = wholemodule;
				SWIFT_OPTIMIZATION_LEVEL = "-O";
				VALIDATE_PRODUCT = YES;
			};
			name = Release;
		};
		941FA77627DC02E200178926 /* Debug */ = {
			isa = XCBuildConfiguration;
			buildSettings = {
				ASSETCATALOG_COMPILER_APPICON_NAME = AppIcon;
				ASSETCATALOG_COMPILER_GLOBAL_ACCENT_COLOR_NAME = AccentColor;
				CODE_SIGN_STYLE = Automatic;
				CURRENT_PROJECT_VERSION = 1;
				DEVELOPMENT_ASSET_PATHS = "\"idanskordbog/Preview Content\"";
				ENABLE_PREVIEWS = YES;
				GENERATE_INFOPLIST_FILE = YES;
				INFOPLIST_KEY_UIApplicationSceneManifest_Generation = YES;
				INFOPLIST_KEY_UIApplicationSupportsIndirectInputEvents = YES;
				INFOPLIST_KEY_UILaunchScreen_Generation = YES;
				INFOPLIST_KEY_UISupportedInterfaceOrientations_iPad = "UIInterfaceOrientationPortrait UIInterfaceOrientationPortraitUpsideDown UIInterfaceOrientationLandscapeLeft UIInterfaceOrientationLandscapeRight";
				INFOPLIST_KEY_UISupportedInterfaceOrientations_iPhone = "UIInterfaceOrientationPortrait UIInterfaceOrientationLandscapeLeft UIInterfaceOrientationLandscapeRight";
				LD_RUNPATH_SEARCH_PATHS = (
					"$(inherited)",
					"@executable_path/Frameworks",
				);
				MARKETING_VERSION = 1.0;
				PRODUCT_BUNDLE_IDENTIFIER = hygge.idanskordbog;
				PRODUCT_NAME = "$(TARGET_NAME)";
				SWIFT_EMIT_LOC_STRINGS = YES;
				SWIFT_VERSION = 5.0;
				TARGETED_DEVICE_FAMILY = "1,2";
			};
			name = Debug;
		};
		941FA77727DC02E200178926 /* Release */ = {
			isa = XCBuildConfiguration;
			buildSettings = {
				ASSETCATALOG_COMPILER_APPICON_NAME = AppIcon;
				ASSETCATALOG_COMPILER_GLOBAL_ACCENT_COLOR_NAME = AccentColor;
				CODE_SIGN_STYLE = Automatic;
				CURRENT_PROJECT_VERSION = 1;
				DEVELOPMENT_ASSET_PATHS = "\"idanskordbog/Preview Content\"";
				ENABLE_PREVIEWS = YES;
				GENERATE_INFOPLIST_FILE = YES;
				INFOPLIST_KEY_UIApplicationSceneManifest_Generation = YES;
				INFOPLIST_KEY_UIApplicationSupportsIndirectInputEvents = YES;
				INFOPLIST_KEY_UILaunchScreen_Generation = YES;
				INFOPLIST_KEY_UISupportedInterfaceOrientations_iPad = "UIInterfaceOrientationPortrait UIInterfaceOrientationPortraitUpsideDown UIInterfaceOrientationLandscapeLeft UIInterfaceOrientationLandscapeRight";
				INFOPLIST_KEY_UISupportedInterfaceOrientations_iPhone = "UIInterfaceOrientationPortrait UIInterfaceOrientationLandscapeLeft UIInterfaceOrientationLandscapeRight";
				LD_RUNPATH_SEARCH_PATHS = (
					"$(inherited)",
					"@executable_path/Frameworks",
				);
				MARKETING_VERSION = 1.0;
				PRODUCT_BUNDLE_IDENTIFIER = hygge.idanskordbog;
				PRODUCT_NAME = "$(TARGET_NAME)";
				SWIFT_EMIT_LOC_STRINGS = YES;
				SWIFT_VERSION = 5.0;
				TARGETED_DEVICE_FAMILY = "1,2";
			};
			name = Release;
		};
		941FA77927DC02E200178926 /* Debug */ = {
			isa = XCBuildConfiguration;
			buildSettings = {
				ALWAYS_EMBED_SWIFT_STANDARD_LIBRARIES = YES;
				BUNDLE_LOADER = "$(TEST_HOST)";
				CODE_SIGN_STYLE = Automatic;
				CURRENT_PROJECT_VERSION = 1;
				GENERATE_INFOPLIST_FILE = YES;
				IPHONEOS_DEPLOYMENT_TARGET = 15.2;
				MARKETING_VERSION = 1.0;
				PRODUCT_BUNDLE_IDENTIFIER = hygge.idanskordbogTests;
				PRODUCT_NAME = "$(TARGET_NAME)";
				SWIFT_EMIT_LOC_STRINGS = NO;
				SWIFT_VERSION = 5.0;
				TARGETED_DEVICE_FAMILY = "1,2";
				TEST_HOST = "$(BUILT_PRODUCTS_DIR)/idanskordbog.app/idanskordbog";
			};
			name = Debug;
		};
		941FA77A27DC02E200178926 /* Release */ = {
			isa = XCBuildConfiguration;
			buildSettings = {
				ALWAYS_EMBED_SWIFT_STANDARD_LIBRARIES = YES;
				BUNDLE_LOADER = "$(TEST_HOST)";
				CODE_SIGN_STYLE = Automatic;
				CURRENT_PROJECT_VERSION = 1;
				GENERATE_INFOPLIST_FILE = YES;
				IPHONEOS_DEPLOYMENT_TARGET = 15.2;
				MARKETING_VERSION = 1.0;
				PRODUCT_BUNDLE_IDENTIFIER = hygge.idanskordbogTests;
				PRODUCT_NAME = "$(TARGET_NAME)";
				SWIFT_EMIT_LOC_STRINGS = NO;
				SWIFT_VERSION = 5.0;
				TARGETED_DEVICE_FAMILY = "1,2";
				TEST_HOST = "$(BUILT_PRODUCTS_DIR)/idanskordbog.app/idanskordbog";
			};
			name = Release;
		};
		941FA77C27DC02E200178926 /* Debug */ = {
			isa = XCBuildConfiguration;
			buildSettings = {
				ALWAYS_EMBED_SWIFT_STANDARD_LIBRARIES = YES;
				CODE_SIGN_STYLE = Automatic;
				CURRENT_PROJECT_VERSION = 1;
				GENERATE_INFOPLIST_FILE = YES;
				MARKETING_VERSION = 1.0;
				PRODUCT_BUNDLE_IDENTIFIER = hygge.idanskordbogUITests;
				PRODUCT_NAME = "$(TARGET_NAME)";
				SWIFT_EMIT_LOC_STRINGS = NO;
				SWIFT_VERSION = 5.0;
				TARGETED_DEVICE_FAMILY = "1,2";
				TEST_TARGET_NAME = idanskordbog;
			};
			name = Debug;
		};
		941FA77D27DC02E200178926 /* Release */ = {
			isa = XCBuildConfiguration;
			buildSettings = {
				ALWAYS_EMBED_SWIFT_STANDARD_LIBRARIES = YES;
				CODE_SIGN_STYLE = Automatic;
				CURRENT_PROJECT_VERSION = 1;
				GENERATE_INFOPLIST_FILE = YES;
				MARKETING_VERSION = 1.0;
				PRODUCT_BUNDLE_IDENTIFIER = hygge.idanskordbogUITests;
				PRODUCT_NAME = "$(TARGET_NAME)";
				SWIFT_EMIT_LOC_STRINGS = NO;
				SWIFT_VERSION = 5.0;
				TARGETED_DEVICE_FAMILY = "1,2";
				TEST_TARGET_NAME = idanskordbog;
			};
			name = Release;
		};
/* End XCBuildConfiguration section */

/* Begin XCConfigurationList section */
		941FA74C27DC02E000178926 /* Build configuration list for PBXProject "idanskordbog" */ = {
			isa = XCConfigurationList;
			buildConfigurations = (
				941FA77327DC02E200178926 /* Debug */,
				941FA77427DC02E200178926 /* Release */,
			);
			defaultConfigurationIsVisible = 0;
			defaultConfigurationName = Release;
		};
		941FA77527DC02E200178926 /* Build configuration list for PBXNativeTarget "idanskordbog" */ = {
			isa = XCConfigurationList;
			buildConfigurations = (
				941FA77627DC02E200178926 /* Debug */,
				941FA77727DC02E200178926 /* Release */,
			);
			defaultConfigurationIsVisible = 0;
			defaultConfigurationName = Release;
		};
		941FA77827DC02E200178926 /* Build configuration list for PBXNativeTarget "idanskordbogTests" */ = {
			isa = XCConfigurationList;
			buildConfigurations = (
				941FA77927DC02E200178926 /* Debug */,
				941FA77A27DC02E200178926 /* Release */,
			);
			defaultConfigurationIsVisible = 0;
			defaultConfigurationName = Release;
		};
		941FA77B27DC02E200178926 /* Build configuration list for PBXNativeTarget "idanskordbogUITests" */ = {
			isa = XCConfigurationList;
			buildConfigurations = (
				941FA77C27DC02E200178926 /* Debug */,
				941FA77D27DC02E200178926 /* Release */,
			);
			defaultConfigurationIsVisible = 0;
			defaultConfigurationName = Release;
		};
/* End XCConfigurationList section */
	};
	rootObject = 941FA74927DC02E000178926 /* Project object */;
}
